
Microsoft Visual Studio Solution File, Format Version 12.00
# Visual Studio Version 17
VisualStudioVersion = 17.1.32210.238
MinimumVisualStudioVersion = 10.0.40219.1
Project("{9A19103F-16F7-4668-BE54-9A1E7A4F7556}") = "ConnectAPI", "ConnectAPI\ConnectAPI.csproj", "{C58E5B9B-437A-4B5B-860D-9C716A591E4D}"
EndProject
Project("{9A19103F-16F7-4668-BE54-9A1E7A4F7556}") = "Domain", "Domain\Domain.csproj", "{16416A7F-A4F7-4396-82E2-F667C810AC08}"
EndProject
Project("{9A19103F-16F7-4668-BE54-9A1E7A4F7556}") = "Data", "Data\Data.csproj", "{75D8F58F-8BC2-445B-8669-F26B91AF6A00}"
EndProject
Project("{FAE04EC0-301F-11D3-BF4B-00C04F79EFBC}") = "Authentication", "Authentication\Authentication.csproj", "{FECCEC36-5F6B-426E-8D67-0BF0E9EE1940}"
EndProject
Global
	GlobalSection(SolutionConfigurationPlatforms) = preSolution
		Debug|Any CPU = Debug|Any CPU
		Release|Any CPU = Release|Any CPU
	EndGlobalSection
	GlobalSection(ProjectConfigurationPlatforms) = postSolution
		{C58E5B9B-437A-4B5B-860D-9C716A591E4D}.Debug|Any CPU.ActiveCfg = Debug|Any CPU
		{C58E5B9B-437A-4B5B-860D-9C716A591E4D}.Debug|Any CPU.Build.0 = Debug|Any CPU
		{C58E5B9B-437A-4B5B-860D-9C716A591E4D}.Release|Any CPU.ActiveCfg = Release|Any CPU
		{C58E5B9B-437A-4B5B-860D-9C716A591E4D}.Release|Any CPU.Build.0 = Release|Any CPU
		{16416A7F-A4F7-4396-82E2-F667C810AC08}.Debug|Any CPU.ActiveCfg = Debug|Any CPU
		{16416A7F-A4F7-4396-82E2-F667C810AC08}.Debug|Any CPU.Build.0 = Debug|Any CPU
		{16416A7F-A4F7-4396-82E2-F667C810AC08}.Release|Any CPU.ActiveCfg = Release|Any CPU
		{16416A7F-A4F7-4396-82E2-F667C810AC08}.Release|Any CPU.Build.0 = Release|Any CPU
		{75D8F58F-8BC2-445B-8669-F26B91AF6A00}.Debug|Any CPU.ActiveCfg = Debug|Any CPU
		{75D8F58F-8BC2-445B-8669-F26B91AF6A00}.Debug|Any CPU.Build.0 = Debug|Any CPU
		{75D8F58F-8BC2-445B-8669-F26B91AF6A00}.Release|Any CPU.ActiveCfg = Release|Any CPU
		{75D8F58F-8BC2-445B-8669-F26B91AF6A00}.Release|Any CPU.Build.0 = Release|Any CPU
		{FECCEC36-5F6B-426E-8D67-0BF0E9EE1940}.Debug|Any CPU.ActiveCfg = Debug|Any CPU
		{FECCEC36-5F6B-426E-8D67-0BF0E9EE1940}.Debug|Any CPU.Build.0 = Debug|Any CPU
		{FECCEC36-5F6B-426E-8D67-0BF0E9EE1940}.Release|Any CPU.ActiveCfg = Release|Any CPU
		{FECCEC36-5F6B-426E-8D67-0BF0E9EE1940}.Release|Any CPU.Build.0 = Release|Any CPU
	EndGlobalSection
	GlobalSection(SolutionProperties) = preSolution
		HideSolutionNode = FALSE
	EndGlobalSection
	GlobalSection(ExtensibilityGlobals) = postSolution
		SolutionGuid = {96352627-F6BF-4E82-ACB3-5FFAEA63811F}
	EndGlobalSection
EndGlobal
